
Microsoft Visual Studio Solution File, Format Version 12.00
# Visual Studio 14
VisualStudioVersion = 14.0.25420.1
MinimumVisualStudioVersion = 10.0.40219.1
Project("{FAE04EC0-301F-11D3-BF4B-00C04F79EFBC}") = "DL", "DL\DL.csproj", "{686BE593-93E3-43B5-BEFA-8E4767295DF0}"
EndProject
Project("{FAE04EC0-301F-11D3-BF4B-00C04F79EFBC}") = "BL", "BL\BL.csproj", "{20E93264-5B07-4543-AEB9-9A16A50E89ED}"
EndProject
Project("{FAE04EC0-301F-11D3-BF4B-00C04F79EFBC}") = "ValidationClassLibrary", "ValidationClassLibrary\ValidationClassLibrary.csproj", "{2C3758B0-CD33-4828-82F6-1E07B98FAE29}"
EndProject
Project("{FAE04EC0-301F-11D3-BF4B-00C04F79EFBC}") = "UI", "UI\UI.csproj", "{5EDEF50D-84A3-4C99-B2E7-5AA20A0D4749}"
EndProject
Project("{FAE04EC0-301F-11D3-BF4B-00C04F79EFBC}") = "WebAPI", "WebAPI\WebAPI.csproj", "{0E48FF43-DC2E-4DB5-9DD3-76DE446A9CCC}"
EndProject
Global
	GlobalSection(SolutionConfigurationPlatforms) = preSolution
		Debug|Any CPU = Debug|Any CPU
		Release|Any CPU = Release|Any CPU
	EndGlobalSection
	GlobalSection(ProjectConfigurationPlatforms) = postSolution
		{686BE593-93E3-43B5-BEFA-8E4767295DF0}.Debug|Any CPU.ActiveCfg = Debug|Any CPU
		{686BE593-93E3-43B5-BEFA-8E4767295DF0}.Debug|Any CPU.Build.0 = Debug|Any CPU
		{686BE593-93E3-43B5-BEFA-8E4767295DF0}.Release|Any CPU.ActiveCfg = Release|Any CPU
		{686BE593-93E3-43B5-BEFA-8E4767295DF0}.Release|Any CPU.Build.0 = Release|Any CPU
		{20E93264-5B07-4543-AEB9-9A16A50E89ED}.Debug|Any CPU.ActiveCfg = Debug|Any CPU
		{20E93264-5B07-4543-AEB9-9A16A50E89ED}.Debug|Any CPU.Build.0 = Debug|Any CPU
		{20E93264-5B07-4543-AEB9-9A16A50E89ED}.Release|Any CPU.ActiveCfg = Release|Any CPU
		{20E93264-5B07-4543-AEB9-9A16A50E89ED}.Release|Any CPU.Build.0 = Release|Any CPU
		{2C3758B0-CD33-4828-82F6-1E07B98FAE29}.Debug|Any CPU.ActiveCfg = Debug|Any CPU
		{2C3758B0-CD33-4828-82F6-1E07B98FAE29}.Debug|Any CPU.Build.0 = Debug|Any CPU
		{2C3758B0-CD33-4828-82F6-1E07B98FAE29}.Release|Any CPU.ActiveCfg = Release|Any CPU
		{2C3758B0-CD33-4828-82F6-1E07B98FAE29}.Release|Any CPU.Build.0 = Release|Any CPU
		{5EDEF50D-84A3-4C99-B2E7-5AA20A0D4749}.Debug|Any CPU.ActiveCfg = Debug|Any CPU
		{5EDEF50D-84A3-4C99-B2E7-5AA20A0D4749}.Debug|Any CPU.Build.0 = Debug|Any CPU
		{5EDEF50D-84A3-4C99-B2E7-5AA20A0D4749}.Release|Any CPU.ActiveCfg = Release|Any CPU
		{5EDEF50D-84A3-4C99-B2E7-5AA20A0D4749}.Release|Any CPU.Build.0 = Release|Any CPU
		{0E48FF43-DC2E-4DB5-9DD3-76DE446A9CCC}.Debug|Any CPU.ActiveCfg = Debug|Any CPU
		{0E48FF43-DC2E-4DB5-9DD3-76DE446A9CCC}.Debug|Any CPU.Build.0 = Debug|Any CPU
		{0E48FF43-DC2E-4DB5-9DD3-76DE446A9CCC}.Release|Any CPU.ActiveCfg = Release|Any CPU
		{0E48FF43-DC2E-4DB5-9DD3-76DE446A9CCC}.Release|Any CPU.Build.0 = Release|Any CPU
	EndGlobalSection
	GlobalSection(SolutionProperties) = preSolution
		HideSolutionNode = FALSE
	EndGlobalSection
EndGlobal
